// !$*UTF8*$!
{
	archiveVersion = 1;
	classes = {
	};
	objectVersion = 46;
	objects = {

/* Begin PBXBuildFile section */
		35108A781E862ADE0074A4C1 /* KKNullObjectReplace.m in Sources */ = {isa = PBXBuildFile; fileRef = 35108A771E862ADE0074A4C1 /* KKNullObjectReplace.m */; };
		35EFCFF11E84B6BA00F5D662 /* main.m in Sources */ = {isa = PBXBuildFile; fileRef = 35EFCFF01E84B6BA00F5D662 /* main.m */; };
/* End PBXBuildFile section */

/* Begin PBXCopyFilesBuildPhase section */
		35EFCFEB1E84B6BA00F5D662 /* CopyFiles */ = {
			isa = PBXCopyFilesBuildPhase;
			buildActionMask = 2147483647;
			dstPath = /usr/share/man/man1/;
			dstSubfolderSpec = 0;
			files = (
			);
			runOnlyForDeploymentPostprocessing = 1;
		};
/* End PBXCopyFilesBuildPhase section */

/* Begin PBXFileReference section */
		35108A761E862ADE0074A4C1 /* KKNullObjectReplace.h */ = {isa = PBXFileReference; fileEncoding = 4; lastKnownFileType = sourcecode.c.h; path = KKNullObjectReplace.h; sourceTree = "<group>"; };
		35108A771E862ADE0074A4C1 /* KKNullObjectReplace.m */ = {isa = PBXFileReference; fileEncoding = 4; lastKnownFileType = sourcecode.c.objc; path = KKNullObjectReplace.m; sourceTree = "<group>"; };
		35EFCFED1E84B6BA00F5D662 /* NullProject */ = {isa = PBXFileReference; explicitFileType = "compiled.mach-o.executable"; includeInIndex = 0; path = NullProject; sourceTree = BUILT_PRODUCTS_DIR; };
		35EFCFF01E84B6BA00F5D662 /* main.m */ = {isa = PBXFileReference; lastKnownFileType = sourcecode.c.objc; path = main.m; sourceTree = "<group>"; };
/* End PBXFileReference section */

/* Begin PBXFrameworksBuildPhase section */
		35EFCFEA1E84B6BA00F5D662 /* Frameworks */ = {
			isa = PBXFrameworksBuildPhase;
			buildActionMask = 2147483647;
			files = (
			);
			runOnlyForDeploymentPostprocessing = 0;
		};
/* End PBXFrameworksBuildPhase section */

/* Begin PBXGroup section */
		35EFCFE41E84B6BA00F5D662 = {
			isa = PBXGroup;
			children = (
				35EFCFEF1E84B6BA00F5D662 /* NullProject */,
				35EFCFEE1E84B6BA00F5D662 /* Products */,
			);
			sourceTree = "<group>";
		};
		35EFCFEE1E84B6BA00F5D662 /* Products */ = {
			isa = PBXGroup;
			children = (
				35EFCFED1E84B6BA00F5D662 /* NullProject */,
			);
			name = Products;
			sourceTree = "<group>";
		};
		35EFCFEF1E84B6BA00F5D662 /* NullProject */ = {
			isa = PBXGroup;
			children = (
				35EFCFF01E84B6BA00F5D662 /* main.m */,
				35108A761E862ADE0074A4C1 /* KKNullObjectReplace.h */,
				35108A771E862ADE0074A4C1 /* KKNullObjectReplace.m */,
			);
			path = NullProject;
			sourceTree = "<group>";
		};
/* End PBXGroup section */

/* Begin PBXNativeTarget section */
		35EFCFEC1E84B6BA00F5D662 /* NullProject */ = {
			isa = PBXNativeTarget;
			buildConfigurationList = 35EFCFF41E84B6BA00F5D662 /* Build configuration list for PBXNativeTarget "NullProject" */;
			buildPhases = (
				35EFCFE91E84B6BA00F5D662 /* Sources */,
				35EFCFEA1E84B6BA00F5D662 /* Frameworks */,
				35EFCFEB1E84B6BA00F5D662 /* CopyFiles */,
			);
			buildRules = (
			);
			dependencies = (
			);
			name = NullProject;
			productName = NullProject;
			productReference = 35EFCFED1E84B6BA00F5D662 /* NullProject */;
			productType = "com.apple.product-type.tool";
		};
/* End PBXNativeTarget section */

/* Begin PBXProject section */
		35EFCFE51E84B6BA00F5D662 /* Project object */ = {
			isa = PBXProject;
			attributes = {
				LastUpgradeCheck = 0820;
				ORGANIZATIONNAME = Kun;
				TargetAttributes = {
					35EFCFEC1E84B6BA00F5D662 = {
						CreatedOnToolsVersion = 8.2.1;
						ProvisioningStyle = Automatic;
					};
				};
			};
			buildConfigurationList = 35EFCFE81E84B6BA00F5D662 /* Build configuration list for PBXProject "NullProject" */;
			compatibilityVersion = "Xcode 3.2";
			developmentRegion = English;
			hasScannedForEncodings = 0;
			knownRegions = (
				en,
			);
			mainGroup = 35EFCFE41E84B6BA00F5D662;
			productRefGroup = 35EFCFEE1E84B6BA00F5D662 /* Products */;
			projectDirPath = "";
			projectRoot = "";
			targets = (
				35EFCFEC1E84B6BA00F5D662 /* NullProject */,
			);
		};
/* End PBXProject section */

/* Begin PBXSourcesBuildPhase section */
		35EFCFE91E84B6BA00F5D662 /* Sources */ = {
			isa = PBXSourcesBuildPhase;
			buildActionMask = 2147483647;
			files = (
				35108A781E862ADE0074A4C1 /* KKNullObjectReplace.m in Sources */,
				35EFCFF11E84B6BA00F5D662 /* main.m in Sources */,
			);
			runOnlyForDeploymentPostprocessing = 0;
		};
/* End PBXSourcesBuildPhase section */

/* Begin XCBuildConfiguration section */
		35EFCFF21E84B6BA00F5D662 /* Debug */ = {
			isa = XCBuildConfiguration;
			buildSettings = {
				ALWAYS_SEARCH_USER_PATHS = NO;
				CLANG_ANALYZER_NONNULL = YES;
				CLANG_CXX_LANGUAGE_STANDARD = "gnu++0x";
				CLANG_CXX_LIBRARY = "libc++";
				CLANG_ENABLE_MODULES = YES;
				CLANG_ENABLE_OBJC_ARC = YES;
				CLANG_WARN_BOOL_CONVERSION = YES;
				CLANG_WARN_CONSTANT_CONVERSION = YES;
				CLANG_WARN_DIRECT_OBJC_ISA_USAGE = YES_ERROR;
				CLANG_WARN_DOCUMENTATION_COMMENTS = YES;
				CLANG_WARN_EMPTY_BODY = YES;
				CLANG_WARN_ENUM_CONVERSION = YES;
				CLANG_WARN_INFINITE_RECURSION = YES;
				CLANG_WARN_INT_CONVERSION = YES;
				CLANG_WARN_OBJC_ROOT_CLASS = YES_ERROR;
				CLANG_WARN_SUSPICIOUS_MOVE = YES;
				CLANG_WARN_UNREACHABLE_CODE = YES;
				CLANG_WARN__DUPLICATE_METHOD_MATCH = YES;
				CODE_SIGN_IDENTITY = "-";
				COPY_PHASE_STRIP = NO;
				DEBUG_INFORMATION_FORMAT = dwarf;
				ENABLE_STRICT_OBJC_MSGSEND = YES;
				ENABLE_TESTABILITY = YES;
				GCC_C_LANGUAGE_STANDARD = gnu99;
				GCC_DYNAMIC_NO_PIC = NO;
				GCC_NO_COMMON_BLOCKS = YES;
				GCC_OPTIMIZATION_LEVEL = 0;
				GCC_PREPROCESSOR_DEFINITIONS = (
					"DEBUG=1",
					"$(inherited)",
				);
				GCC_WARN_64_TO_32_BIT_CONVERSION = YES;
				GCC_WARN_ABOUT_RETURN_TYPE = YES_ERROR;
				GCC_WARN_UNDECLARED_SELECTOR = YES;
				GCC_WARN_UNINITIALIZED_AUTOS = YES_AGGRESSIVE;
				GCC_WARN_UNUSED_FUNCTION = YES;
				GCC_WARN_UNUSED_VARIABLE = YES;
				MACOSX_DEPLOYMENT_TARGET = 10.12;
				MTL_ENABLE_DEBUG_INFO = YES;
				ONLY_ACTIVE_ARCH = YES;
				SDKROOT = macosx;
			};
			name = Debug;
		};
		35EFCFF31E84B6BA00F5D662 /* Release */ = {
			isa = XCBuildConfiguration;
			buildSettings = {
				ALWAYS_SEARCH_USER_PATHS = NO;
				CLANG_ANALYZER_NONNULL = YES;
				CLANG_CXX_LANGUAGE_STANDARD = "gnu++0x";
				CLANG_CXX_LIBRARY = "libc++";
				CLANG_ENABLE_MODULES = YES;
				CLANG_ENABLE_OBJC_ARC = YES;
				CLANG_WARN_BOOL_CONVERSION = YES;
				CLANG_WARN_CONSTANT_CONVERSION = YES;
				CLANG_WARN_DIRECT_OBJC_ISA_USAGE = YES_ERROR;
				CLANG_WARN_DOCUMENTATION_COMMENTS = YES;
				CLANG_WARN_EMPTY_BODY = YES;
				CLANG_WARN_ENUM_CONVERSION = YES;
				CLANG_WARN_INFINITE_RECURSION = YES;
				CLANG_WARN_INT_CONVERSION = YES;
				CLANG_WARN_OBJC_ROOT_CLASS = YES_ERROR;
				CLANG_WARN_SUSPICIOUS_MOVE = YES;
				CLANG_WARN_UNREACHABLE_CODE = YES;
				CLANG_WARN__DUPLICATE_METHOD_MATCH = YES;
				CODE_SIGN_IDENTITY = "-";
				COPY_PHASE_STRIP = NO;
				DEBUG_INFORMATION_FORMAT = "dwarf-with-dsym";
				ENABLE_NS_ASSERTIONS = NO;
				ENABLE_STRICT_OBJC_MSGSEND = YES;
				GCC_C_LANGUAGE_STANDARD = gnu99;
				GCC_NO_COMMON_BLOCKS = YES;
				GCC_WARN_64_TO_32_BIT_CONVERSION = YES;
				GCC_WARN_ABOUT_RETURN_TYPE = YES_ERROR;
				GCC_WARN_UNDECLARED_SELECTOR = YES;
				GCC_WARN_UNINITIALIZED_AUTOS = YES_AGGRESSIVE;
				GCC_WARN_UNUSED_FUNCTION = YES;
				GCC_WARN_UNUSED_VARIABLE = YES;
				MACOSX_DEPLOYMENT_TARGET = 10.12;
				MTL_ENABLE_DEBUG_INFO = NO;
				SDKROOT = macosx;
			};
			name = Release;
		};
		35EFCFF51E84B6BA00F5D662 /* Debug */ = {
			isa = XCBuildConfiguration;
			buildSettings = {
				PRODUCT_NAME = "$(TARGET_NAME)";
			};
			name = Debug;
		};
		35EFCFF61E84B6BA00F5D662 /* Release */ = {
			isa = XCBuildConfiguration;
			buildSettings = {
				PRODUCT_NAME = "$(TARGET_NAME)";
			};
			name = Release;
		};
/* End XCBuildConfiguration section */

/* Begin XCConfigurationList section */
		35EFCFE81E84B6BA00F5D662 /* Build configuration list for PBXProject "NullProject" */ = {
			isa = XCConfigurationList;
			buildConfigurations = (
				35EFCFF21E84B6BA00F5D662 /* Debug */,
				35EFCFF31E84B6BA00F5D662 /* Release */,
			);
			defaultConfigurationIsVisible = 0;
			defaultConfigurationName = Release;
		};
		35EFCFF41E84B6BA00F5D662 /* Build configuration list for PBXNativeTarget "NullProject" */ = {
			isa = XCConfigurationList;
			buildConfigurations = (
				35EFCFF51E84B6BA00F5D662 /* Debug */,
				35EFCFF61E84B6BA00F5D662 /* Release */,
			);
			defaultConfigurationIsVisible = 0;
			defaultConfigurationName = Release;
		};
/* End XCConfigurationList section */
	};
	rootObject = 35EFCFE51E84B6BA00F5D662 /* Project object */;
}
